# THIS IS AN AUTOGENERATED FILE. DO NOT EDIT THIS FILE DIRECTLY.
# yarn lockfile v1


"@microsoft/signalr@link:../signalr":
  version "0.0.0"
  uid ""

"@msgpack/msgpack@^2.7.1":
  version "2.7.1"
  resolved "https://registry.yarnpkg.com/@msgpack/msgpack/-/msgpack-2.7.1.tgz#f01954baadc502f3c82e9c3f72c740ce65eae1cc"
  integrity sha512-ApwiSL2c9ObewdOE/sqt788P1C5lomBOHyO8nUBCr4ofErBCnYQ003NtJ8lS9OQZc11ximkbmgAZJjB8y6cCdA==
